
Microsoft Visual Studio Solution File, Format Version 12.00
# Visual Studio Version 17
VisualStudioVersion = 17.5.33502.453
MinimumVisualStudioVersion = 10.0.40219.1
Project("{FAE04EC0-301F-11D3-BF4B-00C04F79EFBC}") = "ConsoleApp1", "ConsoleApp1\ConsoleApp1.csproj", "{4016321F-8F80-4D6D-922E-4BE82426F18A}"
EndProject
Global
	GlobalSection(SolutionConfigurationPlatforms) = preSolution
		Debug|Any CPU = Debug|Any CPU
		Release|Any CPU = Release|Any CPU
	EndGlobalSection
	GlobalSection(ProjectConfigurationPlatforms) = postSolution
		{4016321F-8F80-4D6D-922E-4BE82426F18A}.Debug|Any CPU.ActiveCfg = Debug|Any CPU
		{4016321F-8F80-4D6D-922E-4BE82426F18A}.Debug|Any CPU.Build.0 = Debug|Any CPU
		{4016321F-8F80-4D6D-922E-4BE82426F18A}.Release|Any CPU.ActiveCfg = Release|Any CPU
		{4016321F-8F80-4D6D-922E-4BE82426F18A}.Release|Any CPU.Build.0 = Release|Any CPU
	EndGlobalSection
	GlobalSection(SolutionProperties) = preSolution
		HideSolutionNode = FALSE
	EndGlobalSection
	GlobalSection(ExtensibilityGlobals) = postSolution
		SolutionGuid = {C0C6BBE4-C2AD-4C20-A5C5-84850AC5AD2E}
	EndGlobalSection
EndGlobal
